
Microsoft Visual Studio Solution File, Format Version 12.00
# Visual Studio Version 16
VisualStudioVersion = 25.0.1706.9
MinimumVisualStudioVersion = 10.0.40219.1
Project("{FAE04EC0-301F-11D3-BF4B-00C04F79EFBC}") = "QueuePractice", "QueuePractice\QueuePractice.csproj", "{20C81E0E-F483-4547-BEA7-0BD6AF4D0A7B}"
EndProject
Global
	GlobalSection(SolutionConfigurationPlatforms) = preSolution
		Debug|Any CPU = Debug|Any CPU
		Release|Any CPU = Release|Any CPU
	EndGlobalSection
	GlobalSection(ProjectConfigurationPlatforms) = postSolution
		{20C81E0E-F483-4547-BEA7-0BD6AF4D0A7B}.Debug|Any CPU.ActiveCfg = Debug|Any CPU
		{20C81E0E-F483-4547-BEA7-0BD6AF4D0A7B}.Debug|Any CPU.Build.0 = Debug|Any CPU
		{20C81E0E-F483-4547-BEA7-0BD6AF4D0A7B}.Release|Any CPU.ActiveCfg = Release|Any CPU
		{20C81E0E-F483-4547-BEA7-0BD6AF4D0A7B}.Release|Any CPU.Build.0 = Release|Any CPU
	EndGlobalSection
	GlobalSection(SolutionProperties) = preSolution
		HideSolutionNode = FALSE
	EndGlobalSection
	GlobalSection(ExtensibilityGlobals) = postSolution
		SolutionGuid = {239AFAC5-9849-4804-A5DD-3FA070E686D8}
	EndGlobalSection
EndGlobal
